
Microsoft Visual Studio Solution File, Format Version 12.00
# Visual Studio 14
VisualStudioVersion = 14.0.25123.0
MinimumVisualStudioVersion = 10.0.40219.1
Project("{FAE04EC0-301F-11D3-BF4B-00C04F79EFBC}") = "ASPNET", "ASPNET\ASPNET.csproj", "{CF022B63-5AF8-4A7B-A337-6DC5DD02897C}"
EndProject
Project("{FAE04EC0-301F-11D3-BF4B-00C04F79EFBC}") = "ASPNET.Tests", "ASPNET.Tests\ASPNET.Tests.csproj", "{4D46CDAF-E865-4DA6-BC38-E009FC40BFDB}"
EndProject
Project("{FAE04EC0-301F-11D3-BF4B-00C04F79EFBC}") = "SportsStore.Domain", "SportsStore.Domain\SportsStore.Domain.csproj", "{DDCD4987-4FC2-42B2-A24F-2EB242B85325}"
EndProject
Project("{FAE04EC0-301F-11D3-BF4B-00C04F79EFBC}") = "SportsStore.WebUI", "SportsStore.WebUI\SportsStore.WebUI.csproj", "{6FED5A1D-31C3-414A-93C9-3544B4E84C72}"
EndProject
Project("{FAE04EC0-301F-11D3-BF4B-00C04F79EFBC}") = "SportsStore.UnitTests", "SportsStore.UnitTests\SportsStore.UnitTests.csproj", "{FD1E2167-DD16-4DEB-854C-24FFCB9480A6}"
EndProject
Project("{FAE04EC0-301F-11D3-BF4B-00C04F79EFBC}") = "ControllersAndActions", "ControllersAndActions\ControllersAndActions.csproj", "{B0382C59-8286-4435-97BF-6C1AC984836D}"
EndProject
Project("{FAE04EC0-301F-11D3-BF4B-00C04F79EFBC}") = "ControllersAndActions.Tests", "ControllersAndActions.Tests\ControllersAndActions.Tests.csproj", "{510E64B7-37BD-447C-890A-E6434DFDD280}"
EndProject
Global
	GlobalSection(SolutionConfigurationPlatforms) = preSolution
		Debug|Any CPU = Debug|Any CPU
		Release|Any CPU = Release|Any CPU
	EndGlobalSection
	GlobalSection(ProjectConfigurationPlatforms) = postSolution
		{CF022B63-5AF8-4A7B-A337-6DC5DD02897C}.Debug|Any CPU.ActiveCfg = Debug|Any CPU
		{CF022B63-5AF8-4A7B-A337-6DC5DD02897C}.Debug|Any CPU.Build.0 = Debug|Any CPU
		{CF022B63-5AF8-4A7B-A337-6DC5DD02897C}.Release|Any CPU.ActiveCfg = Release|Any CPU
		{CF022B63-5AF8-4A7B-A337-6DC5DD02897C}.Release|Any CPU.Build.0 = Release|Any CPU
		{4D46CDAF-E865-4DA6-BC38-E009FC40BFDB}.Debug|Any CPU.ActiveCfg = Debug|Any CPU
		{4D46CDAF-E865-4DA6-BC38-E009FC40BFDB}.Debug|Any CPU.Build.0 = Debug|Any CPU
		{4D46CDAF-E865-4DA6-BC38-E009FC40BFDB}.Release|Any CPU.ActiveCfg = Release|Any CPU
		{4D46CDAF-E865-4DA6-BC38-E009FC40BFDB}.Release|Any CPU.Build.0 = Release|Any CPU
		{DDCD4987-4FC2-42B2-A24F-2EB242B85325}.Debug|Any CPU.ActiveCfg = Debug|Any CPU
		{DDCD4987-4FC2-42B2-A24F-2EB242B85325}.Debug|Any CPU.Build.0 = Debug|Any CPU
		{DDCD4987-4FC2-42B2-A24F-2EB242B85325}.Release|Any CPU.ActiveCfg = Release|Any CPU
		{DDCD4987-4FC2-42B2-A24F-2EB242B85325}.Release|Any CPU.Build.0 = Release|Any CPU
		{6FED5A1D-31C3-414A-93C9-3544B4E84C72}.Debug|Any CPU.ActiveCfg = Debug|Any CPU
		{6FED5A1D-31C3-414A-93C9-3544B4E84C72}.Debug|Any CPU.Build.0 = Debug|Any CPU
		{6FED5A1D-31C3-414A-93C9-3544B4E84C72}.Release|Any CPU.ActiveCfg = Release|Any CPU
		{6FED5A1D-31C3-414A-93C9-3544B4E84C72}.Release|Any CPU.Build.0 = Release|Any CPU
		{FD1E2167-DD16-4DEB-854C-24FFCB9480A6}.Debug|Any CPU.ActiveCfg = Debug|Any CPU
		{FD1E2167-DD16-4DEB-854C-24FFCB9480A6}.Debug|Any CPU.Build.0 = Debug|Any CPU
		{FD1E2167-DD16-4DEB-854C-24FFCB9480A6}.Release|Any CPU.ActiveCfg = Release|Any CPU
		{FD1E2167-DD16-4DEB-854C-24FFCB9480A6}.Release|Any CPU.Build.0 = Release|Any CPU
		{B0382C59-8286-4435-97BF-6C1AC984836D}.Debug|Any CPU.ActiveCfg = Debug|Any CPU
		{B0382C59-8286-4435-97BF-6C1AC984836D}.Debug|Any CPU.Build.0 = Debug|Any CPU
		{B0382C59-8286-4435-97BF-6C1AC984836D}.Release|Any CPU.ActiveCfg = Release|Any CPU
		{B0382C59-8286-4435-97BF-6C1AC984836D}.Release|Any CPU.Build.0 = Release|Any CPU
		{510E64B7-37BD-447C-890A-E6434DFDD280}.Debug|Any CPU.ActiveCfg = Debug|Any CPU
		{510E64B7-37BD-447C-890A-E6434DFDD280}.Debug|Any CPU.Build.0 = Debug|Any CPU
		{510E64B7-37BD-447C-890A-E6434DFDD280}.Release|Any CPU.ActiveCfg = Release|Any CPU
		{510E64B7-37BD-447C-890A-E6434DFDD280}.Release|Any CPU.Build.0 = Release|Any CPU
	EndGlobalSection
	GlobalSection(SolutionProperties) = preSolution
		HideSolutionNode = FALSE
	EndGlobalSection
EndGlobal
